// !$*UTF8*$!
{
	archiveVersion = 1;
	classes = {
	};
	objectVersion = 50;
	objects = {

/* Begin PBXBuildFile section */
		181EE25126E60D24002BAB1A /* DataFormatter.swift in Sources */ = {isa = PBXBuildFile; fileRef = 181EE25026E60D24002BAB1A /* DataFormatter.swift */; };
		182533B02701ADB500C1D253 /* TaskTimer.swift in Sources */ = {isa = PBXBuildFile; fileRef = 182533AF2701ADB500C1D253 /* TaskTimer.swift */; };
		182533B22701FEEF00C1D253 /* TimeEntriesViewModel.swift in Sources */ = {isa = PBXBuildFile; fileRef = 182533B12701FEEF00C1D253 /* TimeEntriesViewModel.swift */; };
		1857E78926E1F5B100E5EA00 /* ModifyTimeEntryView.swift in Sources */ = {isa = PBXBuildFile; fileRef = 1857E78826E1F5B100E5EA00 /* ModifyTimeEntryView.swift */; };
		1857E78B26E2072700E5EA00 /* TimeEntryCellView.swift in Sources */ = {isa = PBXBuildFile; fileRef = 1857E78A26E2072700E5EA00 /* TimeEntryCellView.swift */; };
		1857E78E26E2384600E5EA00 /* ClearButton.swift in Sources */ = {isa = PBXBuildFile; fileRef = 1857E78D26E2384600E5EA00 /* ClearButton.swift */; };
		1857E79226E2647100E5EA00 /* TimeEntriesView.swift in Sources */ = {isa = PBXBuildFile; fileRef = 1857E79126E2647100E5EA00 /* TimeEntriesView.swift */; };
		186321A22705A70C000EB0B8 /* VestaUITestsLaunchTests.swift in Sources */ = {isa = PBXBuildFile; fileRef = 186321A12705A70C000EB0B8 /* VestaUITestsLaunchTests.swift */; };
		186321AD2705EF5A000EB0B8 /* DataFormatterTests.swift in Sources */ = {isa = PBXBuildFile; fileRef = 186321AC2705EF5A000EB0B8 /* DataFormatterTests.swift */; };
		187EF56D2702E93D00C738BC /* ModifyTimeEntryViewModel.swift in Sources */ = {isa = PBXBuildFile; fileRef = 187EF56C2702E93D00C738BC /* ModifyTimeEntryViewModel.swift */; };
		1893441726DCC81000604A00 /* VestaApp.swift in Sources */ = {isa = PBXBuildFile; fileRef = 1893441626DCC81000604A00 /* VestaApp.swift */; };
		1893441926DCC81000604A00 /* TasksView.swift in Sources */ = {isa = PBXBuildFile; fileRef = 1893441826DCC81000604A00 /* TasksView.swift */; };
		1893441B26DCC81200604A00 /* Assets.xcassets in Resources */ = {isa = PBXBuildFile; fileRef = 1893441A26DCC81200604A00 /* Assets.xcassets */; };
		1893441E26DCC81200604A00 /* Preview Assets.xcassets in Resources */ = {isa = PBXBuildFile; fileRef = 1893441D26DCC81200604A00 /* Preview Assets.xcassets */; };
		1893442A26DCFAF200604A00 /* TaskCellView.swift in Sources */ = {isa = PBXBuildFile; fileRef = 1893442926DCFAF200604A00 /* TaskCellView.swift */; };
		1893442F26DD271C00604A00 /* ModifyTaskView.swift in Sources */ = {isa = PBXBuildFile; fileRef = 1893442E26DD271C00604A00 /* ModifyTaskView.swift */; };
		18B10B9726FDB5E7003D5BA4 /* Persistence+Preview.swift in Sources */ = {isa = PBXBuildFile; fileRef = 18B10B9626FDB5E7003D5BA4 /* Persistence+Preview.swift */; };
		18B10B9926FDC819003D5BA4 /* DataManager.swift in Sources */ = {isa = PBXBuildFile; fileRef = 18B10B9826FDC819003D5BA4 /* DataManager.swift */; };
		18B10B9B26FDC8D8003D5BA4 /* DataManager+Task.swift in Sources */ = {isa = PBXBuildFile; fileRef = 18B10B9A26FDC8D8003D5BA4 /* DataManager+Task.swift */; };
		18B10B9D26FDC8E9003D5BA4 /* DataManager+TimeEntry.swift in Sources */ = {isa = PBXBuildFile; fileRef = 18B10B9C26FDC8E9003D5BA4 /* DataManager+TimeEntry.swift */; };
		18B10B9F26FDCBE7003D5BA4 /* ModifyTaskViewModel.swift in Sources */ = {isa = PBXBuildFile; fileRef = 18B10B9E26FDCBE7003D5BA4 /* ModifyTaskViewModel.swift */; };
		18B10BA126FE067E003D5BA4 /* TasksViewModel.swift in Sources */ = {isa = PBXBuildFile; fileRef = 18B10BA026FE067E003D5BA4 /* TasksViewModel.swift */; };
		18B10BA326FE137E003D5BA4 /* TaskCellViewModel.swift in Sources */ = {isa = PBXBuildFile; fileRef = 18B10BA226FE137E003D5BA4 /* TaskCellViewModel.swift */; };
		18BE374D26E8F5860012176B /* Model.xcdatamodeld in Sources */ = {isa = PBXBuildFile; fileRef = 18BE374B26E8F5860012176B /* Model.xcdatamodeld */; };
		18BE379126E8FD430012176B /* CloudKit.framework in Frameworks */ = {isa = PBXBuildFile; fileRef = 18BE379026E8FD430012176B /* CloudKit.framework */; };
		18BE379326E8FE060012176B /* Persistence.swift in Sources */ = {isa = PBXBuildFile; fileRef = 18BE379226E8FE060012176B /* Persistence.swift */; };
		18E669CD26E9EC9B00D66B40 /* CDTimeEntry.swift in Sources */ = {isa = PBXBuildFile; fileRef = 18E669C926E9EC9B00D66B40 /* CDTimeEntry.swift */; };
		18E669CF26E9EC9B00D66B40 /* CDTask.swift in Sources */ = {isa = PBXBuildFile; fileRef = 18E669CB26E9EC9B00D66B40 /* CDTask.swift */; };
/* End PBXBuildFile section */

/* Begin PBXContainerItemProxy section */
		186321942705A6E0000EB0B8 /* PBXContainerItemProxy */ = {
			isa = PBXContainerItemProxy;
			containerPortal = 1893440B26DCC81000604A00 /* Project object */;
			proxyType = 1;
			remoteGlobalIDString = 1893441226DCC81000604A00;
			remoteInfo = Vesta;
		};
		186321A32705A70C000EB0B8 /* PBXContainerItemProxy */ = {
			isa = PBXContainerItemProxy;
			containerPortal = 1893440B26DCC81000604A00 /* Project object */;
			proxyType = 1;
			remoteGlobalIDString = 1893441226DCC81000604A00;
			remoteInfo = Vesta;
		};
/* End PBXContainerItemProxy section */

/* Begin PBXFileReference section */
		181EE25026E60D24002BAB1A /* DataFormatter.swift */ = {isa = PBXFileReference; lastKnownFileType = sourcecode.swift; path = DataFormatter.swift; sourceTree = "<group>"; };
		182533AF2701ADB500C1D253 /* TaskTimer.swift */ = {isa = PBXFileReference; lastKnownFileType = sourcecode.swift; path = TaskTimer.swift; sourceTree = "<group>"; };
		182533B12701FEEF00C1D253 /* TimeEntriesViewModel.swift */ = {isa = PBXFileReference; lastKnownFileType = sourcecode.swift; path = TimeEntriesViewModel.swift; sourceTree = "<group>"; };
		1857E78826E1F5B100E5EA00 /* ModifyTimeEntryView.swift */ = {isa = PBXFileReference; lastKnownFileType = sourcecode.swift; path = ModifyTimeEntryView.swift; sourceTree = "<group>"; };
		1857E78A26E2072700E5EA00 /* TimeEntryCellView.swift */ = {isa = PBXFileReference; lastKnownFileType = sourcecode.swift; path = TimeEntryCellView.swift; sourceTree = "<group>"; };
		1857E78D26E2384600E5EA00 /* ClearButton.swift */ = {isa = PBXFileReference; lastKnownFileType = sourcecode.swift; path = ClearButton.swift; sourceTree = "<group>"; };
		1857E79126E2647100E5EA00 /* TimeEntriesView.swift */ = {isa = PBXFileReference; lastKnownFileType = sourcecode.swift; path = TimeEntriesView.swift; sourceTree = "<group>"; };
		186321902705A6E0000EB0B8 /* VestaTests.xctest */ = {isa = PBXFileReference; explicitFileType = wrapper.cfbundle; includeInIndex = 0; path = VestaTests.xctest; sourceTree = BUILT_PRODUCTS_DIR; };
		1863219D2705A70C000EB0B8 /* VestaUITests.xctest */ = {isa = PBXFileReference; explicitFileType = wrapper.cfbundle; includeInIndex = 0; path = VestaUITests.xctest; sourceTree = BUILT_PRODUCTS_DIR; };
		186321A12705A70C000EB0B8 /* VestaUITestsLaunchTests.swift */ = {isa = PBXFileReference; lastKnownFileType = sourcecode.swift; path = VestaUITestsLaunchTests.swift; sourceTree = "<group>"; };
		186321AC2705EF5A000EB0B8 /* DataFormatterTests.swift */ = {isa = PBXFileReference; lastKnownFileType = sourcecode.swift; path = DataFormatterTests.swift; sourceTree = "<group>"; };
		187EF56C2702E93D00C738BC /* ModifyTimeEntryViewModel.swift */ = {isa = PBXFileReference; lastKnownFileType = sourcecode.swift; path = ModifyTimeEntryViewModel.swift; sourceTree = "<group>"; };
		1893441326DCC81000604A00 /* Vesta.app */ = {isa = PBXFileReference; explicitFileType = wrapper.application; includeInIndex = 0; path = Vesta.app; sourceTree = BUILT_PRODUCTS_DIR; };
		1893441626DCC81000604A00 /* VestaApp.swift */ = {isa = PBXFileReference; lastKnownFileType = sourcecode.swift; path = VestaApp.swift; sourceTree = "<group>"; };
		1893441826DCC81000604A00 /* TasksView.swift */ = {isa = PBXFileReference; lastKnownFileType = sourcecode.swift; path = TasksView.swift; sourceTree = "<group>"; };
		1893441A26DCC81200604A00 /* Assets.xcassets */ = {isa = PBXFileReference; lastKnownFileType = folder.assetcatalog; path = Assets.xcassets; sourceTree = "<group>"; };
		1893441D26DCC81200604A00 /* Preview Assets.xcassets */ = {isa = PBXFileReference; lastKnownFileType = folder.assetcatalog; path = "Preview Assets.xcassets"; sourceTree = "<group>"; };
		1893441F26DCC81200604A00 /* Info.plist */ = {isa = PBXFileReference; lastKnownFileType = text.plist.xml; path = Info.plist; sourceTree = "<group>"; };
		1893442926DCFAF200604A00 /* TaskCellView.swift */ = {isa = PBXFileReference; lastKnownFileType = sourcecode.swift; path = TaskCellView.swift; sourceTree = "<group>"; };
		1893442E26DD271C00604A00 /* ModifyTaskView.swift */ = {isa = PBXFileReference; lastKnownFileType = sourcecode.swift; path = ModifyTaskView.swift; sourceTree = "<group>"; };
		18B10B9626FDB5E7003D5BA4 /* Persistence+Preview.swift */ = {isa = PBXFileReference; lastKnownFileType = sourcecode.swift; path = "Persistence+Preview.swift"; sourceTree = "<group>"; };
		18B10B9826FDC819003D5BA4 /* DataManager.swift */ = {isa = PBXFileReference; lastKnownFileType = sourcecode.swift; path = DataManager.swift; sourceTree = "<group>"; };
		18B10B9A26FDC8D8003D5BA4 /* DataManager+Task.swift */ = {isa = PBXFileReference; lastKnownFileType = sourcecode.swift; path = "DataManager+Task.swift"; sourceTree = "<group>"; };
		18B10B9C26FDC8E9003D5BA4 /* DataManager+TimeEntry.swift */ = {isa = PBXFileReference; lastKnownFileType = sourcecode.swift; path = "DataManager+TimeEntry.swift"; sourceTree = "<group>"; };
		18B10B9E26FDCBE7003D5BA4 /* ModifyTaskViewModel.swift */ = {isa = PBXFileReference; lastKnownFileType = sourcecode.swift; path = ModifyTaskViewModel.swift; sourceTree = "<group>"; };
		18B10BA026FE067E003D5BA4 /* TasksViewModel.swift */ = {isa = PBXFileReference; lastKnownFileType = sourcecode.swift; path = TasksViewModel.swift; sourceTree = "<group>"; };
		18B10BA226FE137E003D5BA4 /* TaskCellViewModel.swift */ = {isa = PBXFileReference; lastKnownFileType = sourcecode.swift; path = TaskCellViewModel.swift; sourceTree = "<group>"; };
		18BE374C26E8F5860012176B /* Model.xcdatamodel */ = {isa = PBXFileReference; lastKnownFileType = wrapper.xcdatamodel; path = Model.xcdatamodel; sourceTree = "<group>"; };
		18BE378E26E8FD3F0012176B /* Vesta.entitlements */ = {isa = PBXFileReference; lastKnownFileType = text.plist.entitlements; path = Vesta.entitlements; sourceTree = "<group>"; };
		18BE379026E8FD430012176B /* CloudKit.framework */ = {isa = PBXFileReference; lastKnownFileType = wrapper.framework; name = CloudKit.framework; path = System/Library/Frameworks/CloudKit.framework; sourceTree = SDKROOT; };
		18BE379226E8FE060012176B /* Persistence.swift */ = {isa = PBXFileReference; fileEncoding = 4; lastKnownFileType = sourcecode.swift; path = Persistence.swift; sourceTree = "<group>"; };
		18E669C926E9EC9B00D66B40 /* CDTimeEntry.swift */ = {isa = PBXFileReference; lastKnownFileType = sourcecode.swift; path = CDTimeEntry.swift; sourceTree = "<group>"; };
		18E669CB26E9EC9B00D66B40 /* CDTask.swift */ = {isa = PBXFileReference; lastKnownFileType = sourcecode.swift; path = CDTask.swift; sourceTree = "<group>"; };
/* End PBXFileReference section */

/* Begin PBXFrameworksBuildPhase section */
		1863218D2705A6E0000EB0B8 /* Frameworks */ = {
			isa = PBXFrameworksBuildPhase;
			buildActionMask = 2147483647;
			files = (
			);
			runOnlyForDeploymentPostprocessing = 0;
		};
		1863219A2705A70C000EB0B8 /* Frameworks */ = {
			isa = PBXFrameworksBuildPhase;
			buildActionMask = 2147483647;
			files = (
			);
			runOnlyForDeploymentPostprocessing = 0;
		};
		1893441026DCC81000604A00 /* Frameworks */ = {
			isa = PBXFrameworksBuildPhase;
			buildActionMask = 2147483647;
			files = (
				18BE379126E8FD430012176B /* CloudKit.framework in Frameworks */,
			);
			runOnlyForDeploymentPostprocessing = 0;
		};
/* End PBXFrameworksBuildPhase section */

/* Begin PBXGroup section */
		1857E78C26E2382F00E5EA00 /* Helpers */ = {
			isa = PBXGroup;
			children = (
				182533AF2701ADB500C1D253 /* TaskTimer.swift */,
				181EE25026E60D24002BAB1A /* DataFormatter.swift */,
				1857E78D26E2384600E5EA00 /* ClearButton.swift */,
			);
			path = Helpers;
			sourceTree = "<group>";
		};
		186321912705A6E0000EB0B8 /* VestaTests */ = {
			isa = PBXGroup;
			children = (
				186321AC2705EF5A000EB0B8 /* DataFormatterTests.swift */,
			);
			path = VestaTests;
			sourceTree = "<group>";
		};
		1863219E2705A70C000EB0B8 /* VestaUITests */ = {
			isa = PBXGroup;
			children = (
				186321A12705A70C000EB0B8 /* VestaUITestsLaunchTests.swift */,
			);
			path = VestaUITests;
			sourceTree = "<group>";
		};
		1893440A26DCC81000604A00 = {
			isa = PBXGroup;
			children = (
				1893441526DCC81000604A00 /* Vesta */,
				186321912705A6E0000EB0B8 /* VestaTests */,
				1863219E2705A70C000EB0B8 /* VestaUITests */,
				1893441426DCC81000604A00 /* Products */,
				18BE378F26E8FD430012176B /* Frameworks */,
			);
			sourceTree = "<group>";
		};
		1893441426DCC81000604A00 /* Products */ = {
			isa = PBXGroup;
			children = (
				1893441326DCC81000604A00 /* Vesta.app */,
				186321902705A6E0000EB0B8 /* VestaTests.xctest */,
				1863219D2705A70C000EB0B8 /* VestaUITests.xctest */,
			);
			name = Products;
			sourceTree = "<group>";
		};
		1893441526DCC81000604A00 /* Vesta */ = {
			isa = PBXGroup;
			children = (
				1893441626DCC81000604A00 /* VestaApp.swift */,
				1893442526DCC89B00604A00 /* Views */,
				1893442626DCC8A500604A00 /* Data Model */,
				1857E78C26E2382F00E5EA00 /* Helpers */,
				1893441F26DCC81200604A00 /* Info.plist */,
				18BE378E26E8FD3F0012176B /* Vesta.entitlements */,
				1893441A26DCC81200604A00 /* Assets.xcassets */,
				1893441C26DCC81200604A00 /* Preview Content */,
			);
			path = Vesta;
			sourceTree = "<group>";
		};
		1893441C26DCC81200604A00 /* Preview Content */ = {
			isa = PBXGroup;
			children = (
				1893441D26DCC81200604A00 /* Preview Assets.xcassets */,
			);
			path = "Preview Content";
			sourceTree = "<group>";
		};
		1893442526DCC89B00604A00 /* Views */ = {
			isa = PBXGroup;
			children = (
				1893441826DCC81000604A00 /* TasksView.swift */,
				18B10BA026FE067E003D5BA4 /* TasksViewModel.swift */,
				1893442E26DD271C00604A00 /* ModifyTaskView.swift */,
				18B10B9E26FDCBE7003D5BA4 /* ModifyTaskViewModel.swift */,
				1893442926DCFAF200604A00 /* TaskCellView.swift */,
				18B10BA226FE137E003D5BA4 /* TaskCellViewModel.swift */,
				1857E79126E2647100E5EA00 /* TimeEntriesView.swift */,
				182533B12701FEEF00C1D253 /* TimeEntriesViewModel.swift */,
				1857E78826E1F5B100E5EA00 /* ModifyTimeEntryView.swift */,
				187EF56C2702E93D00C738BC /* ModifyTimeEntryViewModel.swift */,
				1857E78A26E2072700E5EA00 /* TimeEntryCellView.swift */,
			);
			path = Views;
			sourceTree = "<group>";
		};
		1893442626DCC8A500604A00 /* Data Model */ = {
			isa = PBXGroup;
			children = (
				18B10B9826FDC819003D5BA4 /* DataManager.swift */,
				18B10B9A26FDC8D8003D5BA4 /* DataManager+Task.swift */,
				18B10B9C26FDC8E9003D5BA4 /* DataManager+TimeEntry.swift */,
				18E669CB26E9EC9B00D66B40 /* CDTask.swift */,
				18E669C926E9EC9B00D66B40 /* CDTimeEntry.swift */,
				18BE379226E8FE060012176B /* Persistence.swift */,
				18B10B9626FDB5E7003D5BA4 /* Persistence+Preview.swift */,
				18BE374B26E8F5860012176B /* Model.xcdatamodeld */,
			);
			path = "Data Model";
			sourceTree = "<group>";
		};
		18BE378F26E8FD430012176B /* Frameworks */ = {
			isa = PBXGroup;
			children = (
				18BE379026E8FD430012176B /* CloudKit.framework */,
			);
			name = Frameworks;
			sourceTree = "<group>";
		};
/* End PBXGroup section */

/* Begin PBXNativeTarget section */
		1863218F2705A6E0000EB0B8 /* VestaTests */ = {
			isa = PBXNativeTarget;
			buildConfigurationList = 186321982705A6E0000EB0B8 /* Build configuration list for PBXNativeTarget "VestaTests" */;
			buildPhases = (
				1863218C2705A6E0000EB0B8 /* Sources */,
				1863218D2705A6E0000EB0B8 /* Frameworks */,
				1863218E2705A6E0000EB0B8 /* Resources */,
			);
			buildRules = (
			);
			dependencies = (
				186321952705A6E0000EB0B8 /* PBXTargetDependency */,
			);
			name = VestaTests;
			productName = VestaTests;
			productReference = 186321902705A6E0000EB0B8 /* VestaTests.xctest */;
			productType = "com.apple.product-type.bundle.unit-test";
		};
		1863219C2705A70C000EB0B8 /* VestaUITests */ = {
			isa = PBXNativeTarget;
			buildConfigurationList = 186321A52705A70C000EB0B8 /* Build configuration list for PBXNativeTarget "VestaUITests" */;
			buildPhases = (
				186321992705A70C000EB0B8 /* Sources */,
				1863219A2705A70C000EB0B8 /* Frameworks */,
				1863219B2705A70C000EB0B8 /* Resources */,
			);
			buildRules = (
			);
			dependencies = (
				186321A42705A70C000EB0B8 /* PBXTargetDependency */,
			);
			name = VestaUITests;
			productName = VestaUITests;
			productReference = 1863219D2705A70C000EB0B8 /* VestaUITests.xctest */;
			productType = "com.apple.product-type.bundle.ui-testing";
		};
		1893441226DCC81000604A00 /* Vesta */ = {
			isa = PBXNativeTarget;
			buildConfigurationList = 1893442226DCC81200604A00 /* Build configuration list for PBXNativeTarget "Vesta" */;
			buildPhases = (
				1893440F26DCC81000604A00 /* Sources */,
				1893441026DCC81000604A00 /* Frameworks */,
				1893441126DCC81000604A00 /* Resources */,
			);
			buildRules = (
			);
			dependencies = (
			);
			name = Vesta;
			productName = Vesta;
			productReference = 1893441326DCC81000604A00 /* Vesta.app */;
			productType = "com.apple.product-type.application";
		};
/* End PBXNativeTarget section */

/* Begin PBXProject section */
		1893440B26DCC81000604A00 /* Project object */ = {
			isa = PBXProject;
			attributes = {
				LastSwiftUpdateCheck = 1300;
				LastUpgradeCheck = 1250;
				TargetAttributes = {
					1863218F2705A6E0000EB0B8 = {
						CreatedOnToolsVersion = 13.0;
						TestTargetID = 1893441226DCC81000604A00;
					};
					1863219C2705A70C000EB0B8 = {
						CreatedOnToolsVersion = 13.0;
						TestTargetID = 1893441226DCC81000604A00;
					};
					1893441226DCC81000604A00 = {
						CreatedOnToolsVersion = 12.5.1;
					};
				};
			};
			buildConfigurationList = 1893440E26DCC81000604A00 /* Build configuration list for PBXProject "Vesta" */;
			compatibilityVersion = "Xcode 9.3";
			developmentRegion = en;
			hasScannedForEncodings = 0;
			knownRegions = (
				en,
				Base,
			);
			mainGroup = 1893440A26DCC81000604A00;
			productRefGroup = 1893441426DCC81000604A00 /* Products */;
			projectDirPath = "";
			projectRoot = "";
			targets = (
				1893441226DCC81000604A00 /* Vesta */,
				1863218F2705A6E0000EB0B8 /* VestaTests */,
				1863219C2705A70C000EB0B8 /* VestaUITests */,
			);
		};
/* End PBXProject section */

/* Begin PBXResourcesBuildPhase section */
		1863218E2705A6E0000EB0B8 /* Resources */ = {
			isa = PBXResourcesBuildPhase;
			buildActionMask = 2147483647;
			files = (
			);
			runOnlyForDeploymentPostprocessing = 0;
		};
		1863219B2705A70C000EB0B8 /* Resources */ = {
			isa = PBXResourcesBuildPhase;
			buildActionMask = 2147483647;
			files = (
			);
			runOnlyForDeploymentPostprocessing = 0;
		};
		1893441126DCC81000604A00 /* Resources */ = {
			isa = PBXResourcesBuildPhase;
			buildActionMask = 2147483647;
			files = (
				1893441E26DCC81200604A00 /* Preview Assets.xcassets in Resources */,
				1893441B26DCC81200604A00 /* Assets.xcassets in Resources */,
			);
			runOnlyForDeploymentPostprocessing = 0;
		};
/* End PBXResourcesBuildPhase section */

/* Begin PBXSourcesBuildPhase section */
		1863218C2705A6E0000EB0B8 /* Sources */ = {
			isa = PBXSourcesBuildPhase;
			buildActionMask = 2147483647;
			files = (
				186321AD2705EF5A000EB0B8 /* DataFormatterTests.swift in Sources */,
			);
			runOnlyForDeploymentPostprocessing = 0;
		};
		186321992705A70C000EB0B8 /* Sources */ = {
			isa = PBXSourcesBuildPhase;
			buildActionMask = 2147483647;
			files = (
				186321A22705A70C000EB0B8 /* VestaUITestsLaunchTests.swift in Sources */,
			);
			runOnlyForDeploymentPostprocessing = 0;
		};
		1893440F26DCC81000604A00 /* Sources */ = {
			isa = PBXSourcesBuildPhase;
			buildActionMask = 2147483647;
			files = (
				1893441926DCC81000604A00 /* TasksView.swift in Sources */,
				18B10B9926FDC819003D5BA4 /* DataManager.swift in Sources */,
				181EE25126E60D24002BAB1A /* DataFormatter.swift in Sources */,
				1857E78B26E2072700E5EA00 /* TimeEntryCellView.swift in Sources */,
				18B10B9B26FDC8D8003D5BA4 /* DataManager+Task.swift in Sources */,
				1893442F26DD271C00604A00 /* ModifyTaskView.swift in Sources */,
				182533B22701FEEF00C1D253 /* TimeEntriesViewModel.swift in Sources */,
				18E669CD26E9EC9B00D66B40 /* CDTimeEntry.swift in Sources */,
				18B10B9F26FDCBE7003D5BA4 /* ModifyTaskViewModel.swift in Sources */,
				187EF56D2702E93D00C738BC /* ModifyTimeEntryViewModel.swift in Sources */,
				18B10B9726FDB5E7003D5BA4 /* Persistence+Preview.swift in Sources */,
				18B10BA326FE137E003D5BA4 /* TaskCellViewModel.swift in Sources */,
				18BE374D26E8F5860012176B /* Model.xcdatamodeld in Sources */,
				18BE379326E8FE060012176B /* Persistence.swift in Sources */,
				18B10BA126FE067E003D5BA4 /* TasksViewModel.swift in Sources */,
				1857E79226E2647100E5EA00 /* TimeEntriesView.swift in Sources */,
				1857E78926E1F5B100E5EA00 /* ModifyTimeEntryView.swift in Sources */,
				1857E78E26E2384600E5EA00 /* ClearButton.swift in Sources */,
				18E669CF26E9EC9B00D66B40 /* CDTask.swift in Sources */,
				18B10B9D26FDC8E9003D5BA4 /* DataManager+TimeEntry.swift in Sources */,
				182533B02701ADB500C1D253 /* TaskTimer.swift in Sources */,
				1893441726DCC81000604A00 /* VestaApp.swift in Sources */,
				1893442A26DCFAF200604A00 /* TaskCellView.swift in Sources */,
			);
			runOnlyForDeploymentPostprocessing = 0;
		};
/* End PBXSourcesBuildPhase section */

/* Begin PBXTargetDependency section */
		186321952705A6E0000EB0B8 /* PBXTargetDependency */ = {
			isa = PBXTargetDependency;
			target = 1893441226DCC81000604A00 /* Vesta */;
			targetProxy = 186321942705A6E0000EB0B8 /* PBXContainerItemProxy */;
		};
		186321A42705A70C000EB0B8 /* PBXTargetDependency */ = {
			isa = PBXTargetDependency;
			target = 1893441226DCC81000604A00 /* Vesta */;
			targetProxy = 186321A32705A70C000EB0B8 /* PBXContainerItemProxy */;
		};
/* End PBXTargetDependency section */

/* Begin XCBuildConfiguration section */
		186321962705A6E0000EB0B8 /* Debug */ = {
			isa = XCBuildConfiguration;
			buildSettings = {
				BUNDLE_LOADER = "$(TEST_HOST)";
				CLANG_CXX_LANGUAGE_STANDARD = "gnu++17";
				CODE_SIGN_STYLE = Automatic;
				CURRENT_PROJECT_VERSION = 1;
				DEVELOPMENT_TEAM = 347QD86WM7;
				GENERATE_INFOPLIST_FILE = YES;
				IPHONEOS_DEPLOYMENT_TARGET = 15.0;
				LD_RUNPATH_SEARCH_PATHS = (
					"$(inherited)",
					"@executable_path/Frameworks",
					"@loader_path/Frameworks",
				);
				MARKETING_VERSION = 1.0;
				PRODUCT_BUNDLE_IDENTIFIER = eu.edmumatu.VestaTests;
				PRODUCT_NAME = "$(TARGET_NAME)";
				SWIFT_EMIT_LOC_STRINGS = NO;
				SWIFT_VERSION = 5.0;
				TARGETED_DEVICE_FAMILY = "1,2";
				TEST_HOST = "$(BUILT_PRODUCTS_DIR)/Vesta.app/Vesta";
			};
			name = Debug;
		};
		186321972705A6E0000EB0B8 /* Release */ = {
			isa = XCBuildConfiguration;
			buildSettings = {
				BUNDLE_LOADER = "$(TEST_HOST)";
				CLANG_CXX_LANGUAGE_STANDARD = "gnu++17";
				CODE_SIGN_STYLE = Automatic;
				CURRENT_PROJECT_VERSION = 1;
				DEVELOPMENT_TEAM = 347QD86WM7;
				GENERATE_INFOPLIST_FILE = YES;
				IPHONEOS_DEPLOYMENT_TARGET = 15.0;
				LD_RUNPATH_SEARCH_PATHS = (
					"$(inherited)",
					"@executable_path/Frameworks",
					"@loader_path/Frameworks",
				);
				MARKETING_VERSION = 1.0;
				PRODUCT_BUNDLE_IDENTIFIER = eu.edmumatu.VestaTests;
				PRODUCT_NAME = "$(TARGET_NAME)";
				SWIFT_EMIT_LOC_STRINGS = NO;
				SWIFT_VERSION = 5.0;
				TARGETED_DEVICE_FAMILY = "1,2";
				TEST_HOST = "$(BUILT_PRODUCTS_DIR)/Vesta.app/Vesta";
			};
			name = Release;
		};
		186321A62705A70C000EB0B8 /* Debug */ = {
			isa = XCBuildConfiguration;
			buildSettings = {
				CLANG_CXX_LANGUAGE_STANDARD = "gnu++17";
				CODE_SIGN_STYLE = Automatic;
				CURRENT_PROJECT_VERSION = 1;
				DEVELOPMENT_TEAM = 347QD86WM7;
				GENERATE_INFOPLIST_FILE = YES;
				IPHONEOS_DEPLOYMENT_TARGET = 15.0;
				LD_RUNPATH_SEARCH_PATHS = (
					"$(inherited)",
					"@executable_path/Frameworks",
					"@loader_path/Frameworks",
				);
				MARKETING_VERSION = 1.0;
				PRODUCT_BUNDLE_IDENTIFIER = eu.edmumatu.VestaUITests;
				PRODUCT_NAME = "$(TARGET_NAME)";
				SWIFT_EMIT_LOC_STRINGS = NO;
				SWIFT_VERSION = 5.0;
				TARGETED_DEVICE_FAMILY = "1,2";
				TEST_TARGET_NAME = Vesta;
			};
			name = Debug;
		};
		186321A72705A70C000EB0B8 /* Release */ = {
			isa = XCBuildConfiguration;
			buildSettings = {
				CLANG_CXX_LANGUAGE_STANDARD = "gnu++17";
				CODE_SIGN_STYLE = Automatic;
				CURRENT_PROJECT_VERSION = 1;
				DEVELOPMENT_TEAM = 347QD86WM7;
				GENERATE_INFOPLIST_FILE = YES;
				IPHONEOS_DEPLOYMENT_TARGET = 15.0;
				LD_RUNPATH_SEARCH_PATHS = (
					"$(inherited)",
					"@executable_path/Frameworks",
					"@loader_path/Frameworks",
				);
				MARKETING_VERSION = 1.0;
				PRODUCT_BUNDLE_IDENTIFIER = eu.edmumatu.VestaUITests;
				PRODUCT_NAME = "$(TARGET_NAME)";
				SWIFT_EMIT_LOC_STRINGS = NO;
				SWIFT_VERSION = 5.0;
				TARGETED_DEVICE_FAMILY = "1,2";
				TEST_TARGET_NAME = Vesta;
			};
			name = Release;
		};
		1893442026DCC81200604A00 /* Debug */ = {
			isa = XCBuildConfiguration;
			buildSettings = {
				ALWAYS_SEARCH_USER_PATHS = NO;
				CLANG_ANALYZER_NONNULL = YES;
				CLANG_ANALYZER_NUMBER_OBJECT_CONVERSION = YES_AGGRESSIVE;
				CLANG_CXX_LANGUAGE_STANDARD = "gnu++14";
				CLANG_CXX_LIBRARY = "libc++";
				CLANG_ENABLE_MODULES = YES;
				CLANG_ENABLE_OBJC_ARC = YES;
				CLANG_ENABLE_OBJC_WEAK = YES;
				CLANG_WARN_BLOCK_CAPTURE_AUTORELEASING = YES;
				CLANG_WARN_BOOL_CONVERSION = YES;
				CLANG_WARN_COMMA = YES;
				CLANG_WARN_CONSTANT_CONVERSION = YES;
				CLANG_WARN_DEPRECATED_OBJC_IMPLEMENTATIONS = YES;
				CLANG_WARN_DIRECT_OBJC_ISA_USAGE = YES_ERROR;
				CLANG_WARN_DOCUMENTATION_COMMENTS = YES;
				CLANG_WARN_EMPTY_BODY = YES;
				CLANG_WARN_ENUM_CONVERSION = YES;
				CLANG_WARN_INFINITE_RECURSION = YES;
				CLANG_WARN_INT_CONVERSION = YES;
				CLANG_WARN_NON_LITERAL_NULL_CONVERSION = YES;
				CLANG_WARN_OBJC_IMPLICIT_RETAIN_SELF = YES;
				CLANG_WARN_OBJC_LITERAL_CONVERSION = YES;
				CLANG_WARN_OBJC_ROOT_CLASS = YES_ERROR;
				CLANG_WARN_QUOTED_INCLUDE_IN_FRAMEWORK_HEADER = YES;
				CLANG_WARN_RANGE_LOOP_ANALYSIS = YES;
				CLANG_WARN_STRICT_PROTOTYPES = YES;
				CLANG_WARN_SUSPICIOUS_MOVE = YES;
				CLANG_WARN_UNGUARDED_AVAILABILITY = YES_AGGRESSIVE;
				CLANG_WARN_UNREACHABLE_CODE = YES;
				CLANG_WARN__DUPLICATE_METHOD_MATCH = YES;
				COPY_PHASE_STRIP = NO;
				DEBUG_INFORMATION_FORMAT = dwarf;
				ENABLE_STRICT_OBJC_MSGSEND = YES;
				ENABLE_TESTABILITY = YES;
				GCC_C_LANGUAGE_STANDARD = gnu11;
				GCC_DYNAMIC_NO_PIC = NO;
				GCC_NO_COMMON_BLOCKS = YES;
				GCC_OPTIMIZATION_LEVEL = 0;
				GCC_PREPROCESSOR_DEFINITIONS = (
					"DEBUG=1",
					"$(inherited)",
				);
				GCC_WARN_64_TO_32_BIT_CONVERSION = YES;
				GCC_WARN_ABOUT_RETURN_TYPE = YES_ERROR;
				GCC_WARN_UNDECLARED_SELECTOR = YES;
				GCC_WARN_UNINITIALIZED_AUTOS = YES_AGGRESSIVE;
				GCC_WARN_UNUSED_FUNCTION = YES;
				GCC_WARN_UNUSED_VARIABLE = YES;
				IPHONEOS_DEPLOYMENT_TARGET = 14.5;
				MTL_ENABLE_DEBUG_INFO = INCLUDE_SOURCE;
				MTL_FAST_MATH = YES;
				ONLY_ACTIVE_ARCH = YES;
				SDKROOT = iphoneos;
				SWIFT_ACTIVE_COMPILATION_CONDITIONS = DEBUG;
				SWIFT_OPTIMIZATION_LEVEL = "-Onone";
			};
			name = Debug;
		};
		1893442126DCC81200604A00 /* Release */ = {
			isa = XCBuildConfiguration;
			buildSettings = {
				ALWAYS_SEARCH_USER_PATHS = NO;
				CLANG_ANALYZER_NONNULL = YES;
				CLANG_ANALYZER_NUMBER_OBJECT_CONVERSION = YES_AGGRESSIVE;
				CLANG_CXX_LANGUAGE_STANDARD = "gnu++14";
				CLANG_CXX_LIBRARY = "libc++";
				CLANG_ENABLE_MODULES = YES;
				CLANG_ENABLE_OBJC_ARC = YES;
				CLANG_ENABLE_OBJC_WEAK = YES;
				CLANG_WARN_BLOCK_CAPTURE_AUTORELEASING = YES;
				CLANG_WARN_BOOL_CONVERSION = YES;
				CLANG_WARN_COMMA = YES;
				CLANG_WARN_CONSTANT_CONVERSION = YES;
				CLANG_WARN_DEPRECATED_OBJC_IMPLEMENTATIONS = YES;
				CLANG_WARN_DIRECT_OBJC_ISA_USAGE = YES_ERROR;
				CLANG_WARN_DOCUMENTATION_COMMENTS = YES;
				CLANG_WARN_EMPTY_BODY = YES;
				CLANG_WARN_ENUM_CONVERSION = YES;
				CLANG_WARN_INFINITE_RECURSION = YES;
				CLANG_WARN_INT_CONVERSION = YES;
				CLANG_WARN_NON_LITERAL_NULL_CONVERSION = YES;
				CLANG_WARN_OBJC_IMPLICIT_RETAIN_SELF = YES;
				CLANG_WARN_OBJC_LITERAL_CONVERSION = YES;
				CLANG_WARN_OBJC_ROOT_CLASS = YES_ERROR;
				CLANG_WARN_QUOTED_INCLUDE_IN_FRAMEWORK_HEADER = YES;
				CLANG_WARN_RANGE_LOOP_ANALYSIS = YES;
				CLANG_WARN_STRICT_PROTOTYPES = YES;
				CLANG_WARN_SUSPICIOUS_MOVE = YES;
				CLANG_WARN_UNGUARDED_AVAILABILITY = YES_AGGRESSIVE;
				CLANG_WARN_UNREACHABLE_CODE = YES;
				CLANG_WARN__DUPLICATE_METHOD_MATCH = YES;
				COPY_PHASE_STRIP = NO;
				DEBUG_INFORMATION_FORMAT = "dwarf-with-dsym";
				ENABLE_NS_ASSERTIONS = NO;
				ENABLE_STRICT_OBJC_MSGSEND = YES;
				GCC_C_LANGUAGE_STANDARD = gnu11;
				GCC_NO_COMMON_BLOCKS = YES;
				GCC_WARN_64_TO_32_BIT_CONVERSION = YES;
				GCC_WARN_ABOUT_RETURN_TYPE = YES_ERROR;
				GCC_WARN_UNDECLARED_SELECTOR = YES;
				GCC_WARN_UNINITIALIZED_AUTOS = YES_AGGRESSIVE;
				GCC_WARN_UNUSED_FUNCTION = YES;
				GCC_WARN_UNUSED_VARIABLE = YES;
				IPHONEOS_DEPLOYMENT_TARGET = 14.5;
				MTL_ENABLE_DEBUG_INFO = NO;
				MTL_FAST_MATH = YES;
				SDKROOT = iphoneos;
				SWIFT_COMPILATION_MODE = wholemodule;
				SWIFT_OPTIMIZATION_LEVEL = "-O";
				VALIDATE_PRODUCT = YES;
			};
			name = Release;
		};
		1893442326DCC81200604A00 /* Debug */ = {
			isa = XCBuildConfiguration;
			buildSettings = {
				ASSETCATALOG_COMPILER_APPICON_NAME = AppIcon;
				ASSETCATALOG_COMPILER_GLOBAL_ACCENT_COLOR_NAME = AccentColor;
				CODE_SIGN_ENTITLEMENTS = Vesta/Vesta.entitlements;
				CODE_SIGN_STYLE = Automatic;
				DEVELOPMENT_ASSET_PATHS = "\"Vesta/Preview Content\"";
				DEVELOPMENT_TEAM = 347QD86WM7;
				ENABLE_PREVIEWS = YES;
				INFOPLIST_FILE = Vesta/Info.plist;
				IPHONEOS_DEPLOYMENT_TARGET = 14.0;
				LD_RUNPATH_SEARCH_PATHS = (
					"$(inherited)",
					"@executable_path/Frameworks",
				);
				MARKETING_VERSION = 0.1;
				PRODUCT_BUNDLE_IDENTIFIER = eu.edmumatu.Vesta;
				PRODUCT_NAME = "$(TARGET_NAME)";
				SWIFT_VERSION = 5.0;
				TARGETED_DEVICE_FAMILY = 1;
			};
			name = Debug;
		};
		1893442426DCC81200604A00 /* Release */ = {
			isa = XCBuildConfiguration;
			buildSettings = {
				ASSETCATALOG_COMPILER_APPICON_NAME = AppIcon;
				ASSETCATALOG_COMPILER_GLOBAL_ACCENT_COLOR_NAME = AccentColor;
				CODE_SIGN_ENTITLEMENTS = Vesta/Vesta.entitlements;
				CODE_SIGN_STYLE = Automatic;
				DEVELOPMENT_ASSET_PATHS = "\"Vesta/Preview Content\"";
				DEVELOPMENT_TEAM = 347QD86WM7;
				ENABLE_PREVIEWS = YES;
				INFOPLIST_FILE = Vesta/Info.plist;
				IPHONEOS_DEPLOYMENT_TARGET = 14.0;
				LD_RUNPATH_SEARCH_PATHS = (
					"$(inherited)",
					"@executable_path/Frameworks",
				);
				MARKETING_VERSION = 0.1;
				PRODUCT_BUNDLE_IDENTIFIER = eu.edmumatu.Vesta;
				PRODUCT_NAME = "$(TARGET_NAME)";
				SWIFT_VERSION = 5.0;
				TARGETED_DEVICE_FAMILY = 1;
			};
			name = Release;
		};
/* End XCBuildConfiguration section */

/* Begin XCConfigurationList section */
		186321982705A6E0000EB0B8 /* Build configuration list for PBXNativeTarget "VestaTests" */ = {
			isa = XCConfigurationList;
			buildConfigurations = (
				186321962705A6E0000EB0B8 /* Debug */,
				186321972705A6E0000EB0B8 /* Release */,
			);
			defaultConfigurationIsVisible = 0;
			defaultConfigurationName = Release;
		};
		186321A52705A70C000EB0B8 /* Build configuration list for PBXNativeTarget "VestaUITests" */ = {
			isa = XCConfigurationList;
			buildConfigurations = (
				186321A62705A70C000EB0B8 /* Debug */,
				186321A72705A70C000EB0B8 /* Release */,
			);
			defaultConfigurationIsVisible = 0;
			defaultConfigurationName = Release;
		};
		1893440E26DCC81000604A00 /* Build configuration list for PBXProject "Vesta" */ = {
			isa = XCConfigurationList;
			buildConfigurations = (
				1893442026DCC81200604A00 /* Debug */,
				1893442126DCC81200604A00 /* Release */,
			);
			defaultConfigurationIsVisible = 0;
			defaultConfigurationName = Release;
		};
		1893442226DCC81200604A00 /* Build configuration list for PBXNativeTarget "Vesta" */ = {
			isa = XCConfigurationList;
			buildConfigurations = (
				1893442326DCC81200604A00 /* Debug */,
				1893442426DCC81200604A00 /* Release */,
			);
			defaultConfigurationIsVisible = 0;
			defaultConfigurationName = Release;
		};
/* End XCConfigurationList section */

/* Begin XCVersionGroup section */
		18BE374B26E8F5860012176B /* Model.xcdatamodeld */ = {
			isa = XCVersionGroup;
			children = (
				18BE374C26E8F5860012176B /* Model.xcdatamodel */,
			);
			currentVersion = 18BE374C26E8F5860012176B /* Model.xcdatamodel */;
			path = Model.xcdatamodeld;
			sourceTree = "<group>";
			versionGroupType = wrapper.xcdatamodel;
		};
/* End XCVersionGroup section */
	};
	rootObject = 1893440B26DCC81000604A00 /* Project object */;
}
